
Microsoft Visual Studio Solution File, Format Version 12.00
# Visual Studio Version 17
VisualStudioVersion = 17.5.002.0
MinimumVisualStudioVersion = 10.0.40219.1
Project("{9A19103F-16F7-4668-BE54-9A1E7A4F7556}") = ".net ilk odev", ".net ilk odev.csproj", "{9BF9115D-CE44-4C2D-A018-BF52E9C68C0A}"
EndProject
Global
	GlobalSection(SolutionConfigurationPlatforms) = preSolution
		Debug|Any CPU = Debug|Any CPU
		Release|Any CPU = Release|Any CPU
	EndGlobalSection
	GlobalSection(ProjectConfigurationPlatforms) = postSolution
		{9BF9115D-CE44-4C2D-A018-BF52E9C68C0A}.Debug|Any CPU.ActiveCfg = Debug|Any CPU
		{9BF9115D-CE44-4C2D-A018-BF52E9C68C0A}.Debug|Any CPU.Build.0 = Debug|Any CPU
		{9BF9115D-CE44-4C2D-A018-BF52E9C68C0A}.Release|Any CPU.ActiveCfg = Release|Any CPU
		{9BF9115D-CE44-4C2D-A018-BF52E9C68C0A}.Release|Any CPU.Build.0 = Release|Any CPU
	EndGlobalSection
	GlobalSection(SolutionProperties) = preSolution
		HideSolutionNode = FALSE
	EndGlobalSection
	GlobalSection(ExtensibilityGlobals) = postSolution
		SolutionGuid = {9A84A9C8-60E3-4339-8B26-F95D8D388C8F}
	EndGlobalSection
EndGlobal
